dependencies:
- name: client
  repository: file://client
  version: 0.1.0
- name: ingest-operator
  repository: file://operators/ingest-operator
  version: 0.1.0
- name: stream
  repository: file://services/stream
  version: 0.1.0
- name: identity
  repository: file://services/identity
  version: 0.1.0
digest: sha256:868250d899e8ba28531904f5b3d69270e32047e90fcbb83fd7a1632474019620
generated: "2023-08-29T11:42:22.720044+03:00"
