dependencies:
- name: ingest
  repository: file://services/ingest
  version: 0.1.0
- name: stunner
  repository: https://l7mp.io/stunner
  version: 0.15.0
- name: stunner-gateway-operator
  repository: https://l7mp.io/stunner
  version: 0.15.0
digest: sha256:25af8f8da9aec729d5f3fd47881b95bbb033da90a949b70be4896fea409baa10
generated: "2023-07-31T15:28:59.959044+03:00"
